
Microsoft Visual Studio Solution File, Format Version 12.00
# Visual Studio 14
VisualStudioVersion = 14.0.23107.0
MinimumVisualStudioVersion = 10.0.40219.1
Project("{159641D6-6404-4A2A-AE62-294DE0FE8301}") = "ETL_AdventureWorks", "ETL_AdventureWorks\ETL_AdventureWorks.dtproj", "{A2D23747-17BC-4B7E-9F2E-737EF7B61B02}"
EndProject
Project("{D2ABAB84-BF74-430A-B69E-9DC6D40DDA17}") = "OLAP_AdventureWorks", "OLAP_AdventureWorks\OLAP_AdventureWorks.dwproj", "{5F712D9C-09E9-45EC-90FB-076ECE92A6FF}"
EndProject
Global
	GlobalSection(SolutionConfigurationPlatforms) = preSolution
		Development|Default = Development|Default
	EndGlobalSection
	GlobalSection(ProjectConfigurationPlatforms) = postSolution
		{A2D23747-17BC-4B7E-9F2E-737EF7B61B02}.Development|Default.ActiveCfg = Development
		{A2D23747-17BC-4B7E-9F2E-737EF7B61B02}.Development|Default.Build.0 = Development
		{5F712D9C-09E9-45EC-90FB-076ECE92A6FF}.Development|Default.ActiveCfg = Development
		{5F712D9C-09E9-45EC-90FB-076ECE92A6FF}.Development|Default.Build.0 = Development
		{5F712D9C-09E9-45EC-90FB-076ECE92A6FF}.Development|Default.Deploy.0 = Development
	EndGlobalSection
	GlobalSection(SolutionProperties) = preSolution
		HideSolutionNode = FALSE
	EndGlobalSection
EndGlobal
